// !$*UTF8*$!
{
	archiveVersion = 1;
	classes = {
	};
	objectVersion = 51;
	objects = {

/* Begin PBXBuildFile section */
		1B0BA3B927383B98005033C8 /* AppDelegate.swift in Sources */ = {isa = PBXBuildFile; fileRef = 1B0BA3B827383B98005033C8 /* AppDelegate.swift */; };
		1B0BA3BB27383B98005033C8 /* SceneDelegate.swift in Sources */ = {isa = PBXBuildFile; fileRef = 1B0BA3BA27383B98005033C8 /* SceneDelegate.swift */; };
		1B0BA3C027383B98005033C8 /* Main.storyboard in Resources */ = {isa = PBXBuildFile; fileRef = 1B0BA3BE27383B98005033C8 /* Main.storyboard */; };
		1B0BA3C227383B9A005033C8 /* Assets.xcassets in Resources */ = {isa = PBXBuildFile; fileRef = 1B0BA3C127383B9A005033C8 /* Assets.xcassets */; };
		1B0BA3C527383B9A005033C8 /* LaunchScreen.storyboard in Resources */ = {isa = PBXBuildFile; fileRef = 1B0BA3C327383B9A005033C8 /* LaunchScreen.storyboard */; };
		1B0BA3D1273840DC005033C8 /* MapViewController.swift in Sources */ = {isa = PBXBuildFile; fileRef = 1B0BA3D0273840DC005033C8 /* MapViewController.swift */; };
		1B47BFC3273AE98000BD543A /* Point.swift in Sources */ = {isa = PBXBuildFile; fileRef = 1B47BFC2273AE98000BD543A /* Point.swift */; };
		1B47BFD9273F907200BD543A /* LoginViewController.swift in Sources */ = {isa = PBXBuildFile; fileRef = 1B47BFD7273F907200BD543A /* LoginViewController.swift */; };
		1B47BFDA273F907200BD543A /* LoginViewController.xib in Resources */ = {isa = PBXBuildFile; fileRef = 1B47BFD8273F907200BD543A /* LoginViewController.xib */; };
		1B47BFDD273F955E00BD543A /* Auth.storyboard in Resources */ = {isa = PBXBuildFile; fileRef = 1B47BFDC273F955E00BD543A /* Auth.storyboard */; };
		1B47BFEA273FAF1D00BD543A /* SignUpViewController.swift in Sources */ = {isa = PBXBuildFile; fileRef = 1B47BFE8273FAF1D00BD543A /* SignUpViewController.swift */; };
		1B47BFEB273FAF1D00BD543A /* SignUpViewController.xib in Resources */ = {isa = PBXBuildFile; fileRef = 1B47BFE9273FAF1D00BD543A /* SignUpViewController.xib */; };
		1B47BFF6273FB45900BD543A /* UIViewControllel+nib.swift in Sources */ = {isa = PBXBuildFile; fileRef = 1B47BFF5273FB45900BD543A /* UIViewControllel+nib.swift */; };
		1B47BFFD273FB6B800BD543A /* MainViewController.swift in Sources */ = {isa = PBXBuildFile; fileRef = 1B47BFFB273FB6B800BD543A /* MainViewController.swift */; };
		1B47BFFE273FB6B800BD543A /* MainViewController.xib in Resources */ = {isa = PBXBuildFile; fileRef = 1B47BFFC273FB6B800BD543A /* MainViewController.xib */; };
		535ABC0FBC631A5228968C0D /* Pods_RouteTracker.framework in Frameworks */ = {isa = PBXBuildFile; fileRef = FA035E9ED14F2E5F74EB230C /* Pods_RouteTracker.framework */; };
/* End PBXBuildFile section */

/* Begin PBXFileReference section */
		1B0BA3B527383B98005033C8 /* RouteTracker.app */ = {isa = PBXFileReference; explicitFileType = wrapper.application; includeInIndex = 0; path = RouteTracker.app; sourceTree = BUILT_PRODUCTS_DIR; };
		1B0BA3B827383B98005033C8 /* AppDelegate.swift */ = {isa = PBXFileReference; lastKnownFileType = sourcecode.swift; path = AppDelegate.swift; sourceTree = "<group>"; };
		1B0BA3BA27383B98005033C8 /* SceneDelegate.swift */ = {isa = PBXFileReference; lastKnownFileType = sourcecode.swift; path = SceneDelegate.swift; sourceTree = "<group>"; };
		1B0BA3BF27383B98005033C8 /* Base */ = {isa = PBXFileReference; lastKnownFileType = file.storyboard; name = Base; path = Base.lproj/Main.storyboard; sourceTree = "<group>"; };
		1B0BA3C127383B9A005033C8 /* Assets.xcassets */ = {isa = PBXFileReference; lastKnownFileType = folder.assetcatalog; path = Assets.xcassets; sourceTree = "<group>"; };
		1B0BA3C427383B9A005033C8 /* Base */ = {isa = PBXFileReference; lastKnownFileType = file.storyboard; name = Base; path = Base.lproj/LaunchScreen.storyboard; sourceTree = "<group>"; };
		1B0BA3C627383B9A005033C8 /* Info.plist */ = {isa = PBXFileReference; lastKnownFileType = text.plist.xml; path = Info.plist; sourceTree = "<group>"; };
		1B0BA3D0273840DC005033C8 /* MapViewController.swift */ = {isa = PBXFileReference; lastKnownFileType = sourcecode.swift; path = MapViewController.swift; sourceTree = "<group>"; };
		1B47BFC2273AE98000BD543A /* Point.swift */ = {isa = PBXFileReference; lastKnownFileType = sourcecode.swift; path = Point.swift; sourceTree = "<group>"; };
		1B47BFD7273F907200BD543A /* LoginViewController.swift */ = {isa = PBXFileReference; lastKnownFileType = sourcecode.swift; path = LoginViewController.swift; sourceTree = "<group>"; };
		1B47BFD8273F907200BD543A /* LoginViewController.xib */ = {isa = PBXFileReference; lastKnownFileType = file.xib; path = LoginViewController.xib; sourceTree = "<group>"; };
		1B47BFDC273F955E00BD543A /* Auth.storyboard */ = {isa = PBXFileReference; lastKnownFileType = file.storyboard; path = Auth.storyboard; sourceTree = "<group>"; };
		1B47BFE8273FAF1D00BD543A /* SignUpViewController.swift */ = {isa = PBXFileReference; lastKnownFileType = sourcecode.swift; path = SignUpViewController.swift; sourceTree = "<group>"; };
		1B47BFE9273FAF1D00BD543A /* SignUpViewController.xib */ = {isa = PBXFileReference; lastKnownFileType = file.xib; path = SignUpViewController.xib; sourceTree = "<group>"; };
		1B47BFF5273FB45900BD543A /* UIViewControllel+nib.swift */ = {isa = PBXFileReference; lastKnownFileType = sourcecode.swift; path = "UIViewControllel+nib.swift"; sourceTree = "<group>"; };
		1B47BFFB273FB6B800BD543A /* MainViewController.swift */ = {isa = PBXFileReference; lastKnownFileType = sourcecode.swift; path = MainViewController.swift; sourceTree = "<group>"; };
		1B47BFFC273FB6B800BD543A /* MainViewController.xib */ = {isa = PBXFileReference; lastKnownFileType = file.xib; path = MainViewController.xib; sourceTree = "<group>"; };
		90D75DEE66C599C8E454F9CA /* Pods-RouteTracker.release.xcconfig */ = {isa = PBXFileReference; includeInIndex = 1; lastKnownFileType = text.xcconfig; name = "Pods-RouteTracker.release.xcconfig"; path = "Target Support Files/Pods-RouteTracker/Pods-RouteTracker.release.xcconfig"; sourceTree = "<group>"; };
		EB1803AB0093DF014F0747B4 /* Pods-RouteTracker.debug.xcconfig */ = {isa = PBXFileReference; includeInIndex = 1; lastKnownFileType = text.xcconfig; name = "Pods-RouteTracker.debug.xcconfig"; path = "Target Support Files/Pods-RouteTracker/Pods-RouteTracker.debug.xcconfig"; sourceTree = "<group>"; };
		FA035E9ED14F2E5F74EB230C /* Pods_RouteTracker.framework */ = {isa = PBXFileReference; explicitFileType = wrapper.framework; includeInIndex = 0; path = Pods_RouteTracker.framework; sourceTree = BUILT_PRODUCTS_DIR; };
/* End PBXFileReference section */

/* Begin PBXFrameworksBuildPhase section */
		1B0BA3B227383B98005033C8 /* Frameworks */ = {
			isa = PBXFrameworksBuildPhase;
			buildActionMask = 2147483647;
			files = (
				535ABC0FBC631A5228968C0D /* Pods_RouteTracker.framework in Frameworks */,
			);
			runOnlyForDeploymentPostprocessing = 0;
		};
/* End PBXFrameworksBuildPhase section */

/* Begin PBXGroup section */
		0FAC4A8CFCB9BDC4C67FDB6F /* Frameworks */ = {
			isa = PBXGroup;
			children = (
				FA035E9ED14F2E5F74EB230C /* Pods_RouteTracker.framework */,
			);
			name = Frameworks;
			sourceTree = "<group>";
		};
		1B0BA3AC27383B98005033C8 = {
			isa = PBXGroup;
			children = (
				1B0BA3B727383B98005033C8 /* RouteTracker */,
				1B0BA3B627383B98005033C8 /* Products */,
				34DEEA53641F3538CCEE54B2 /* Pods */,
				0FAC4A8CFCB9BDC4C67FDB6F /* Frameworks */,
			);
			sourceTree = "<group>";
		};
		1B0BA3B627383B98005033C8 /* Products */ = {
			isa = PBXGroup;
			children = (
				1B0BA3B527383B98005033C8 /* RouteTracker.app */,
			);
			name = Products;
			sourceTree = "<group>";
		};
		1B0BA3B727383B98005033C8 /* RouteTracker */ = {
			isa = PBXGroup;
			children = (
				1B47BFF4273FB43C00BD543A /* Extensions */,
				1B47BFCF273F8F7D00BD543A /* Flows */,
				1B47BFC1273AE95500BD543A /* Models */,
				1B47BFCB273AF5EF00BD543A /* App */,
				1B0BA3C127383B9A005033C8 /* Assets.xcassets */,
				1B0BA3C327383B9A005033C8 /* LaunchScreen.storyboard */,
				1B0BA3C627383B9A005033C8 /* Info.plist */,
			);
			path = RouteTracker;
			sourceTree = "<group>";
		};
		1B47BFC1273AE95500BD543A /* Models */ = {
			isa = PBXGroup;
			children = (
				1B47BFC2273AE98000BD543A /* Point.swift */,
			);
			path = Models;
			sourceTree = "<group>";
		};
		1B47BFCB273AF5EF00BD543A /* App */ = {
			isa = PBXGroup;
			children = (
				1B0BA3B827383B98005033C8 /* AppDelegate.swift */,
				1B0BA3BA27383B98005033C8 /* SceneDelegate.swift */,
			);
			path = App;
			sourceTree = "<group>";
		};
		1B47BFCF273F8F7D00BD543A /* Flows */ = {
			isa = PBXGroup;
			children = (
				1B47BFFA273FB64600BD543A /* Main */,
				1B47BFD1273F8FA000BD543A /* Auth */,
				1B47BFD0273F8F8B00BD543A /* Map */,
			);
			path = Flows;
			sourceTree = "<group>";
		};
		1B47BFD0273F8F8B00BD543A /* Map */ = {
			isa = PBXGroup;
			children = (
				1B0BA3D0273840DC005033C8 /* MapViewController.swift */,
			);
			path = Map;
			sourceTree = "<group>";
		};
		1B47BFD1273F8FA000BD543A /* Auth */ = {
			isa = PBXGroup;
			children = (
				1B47BFDC273F955E00BD543A /* Auth.storyboard */,
				1B47BFD7273F907200BD543A /* LoginViewController.swift */,
				1B47BFE8273FAF1D00BD543A /* SignUpViewController.swift */,
				1B47BFF8273FB4B900BD543A /* XIBs */,
			);
			path = Auth;
			sourceTree = "<group>";
		};
		1B47BFF4273FB43C00BD543A /* Extensions */ = {
			isa = PBXGroup;
			children = (
				1B47BFF5273FB45900BD543A /* UIViewControllel+nib.swift */,
			);
			path = Extensions;
			sourceTree = "<group>";
		};
		1B47BFF8273FB4B900BD543A /* XIBs */ = {
			isa = PBXGroup;
			children = (
				1B47BFD8273F907200BD543A /* LoginViewController.xib */,
				1B47BFE9273FAF1D00BD543A /* SignUpViewController.xib */,
			);
			name = XIBs;
			sourceTree = "<group>";
		};
		1B47BFFA273FB64600BD543A /* Main */ = {
			isa = PBXGroup;
			children = (
				1B47BFFB273FB6B800BD543A /* MainViewController.swift */,
				1B47BFFC273FB6B800BD543A /* MainViewController.xib */,
				1B0BA3BE27383B98005033C8 /* Main.storyboard */,
			);
			path = Main;
			sourceTree = "<group>";
		};
		34DEEA53641F3538CCEE54B2 /* Pods */ = {
			isa = PBXGroup;
			children = (
				EB1803AB0093DF014F0747B4 /* Pods-RouteTracker.debug.xcconfig */,
				90D75DEE66C599C8E454F9CA /* Pods-RouteTracker.release.xcconfig */,
			);
			path = Pods;
			sourceTree = "<group>";
		};
/* End PBXGroup section */

/* Begin PBXNativeTarget section */
		1B0BA3B427383B98005033C8 /* RouteTracker */ = {
			isa = PBXNativeTarget;
			buildConfigurationList = 1B0BA3C927383B9A005033C8 /* Build configuration list for PBXNativeTarget "RouteTracker" */;
			buildPhases = (
				3E00C94B5FC628A1D5742839 /* [CP] Check Pods Manifest.lock */,
				1B0BA3B127383B98005033C8 /* Sources */,
				1B0BA3B227383B98005033C8 /* Frameworks */,
				1B0BA3B327383B98005033C8 /* Resources */,
				21B9F8994BF24E4E715FB1F7 /* [CP] Copy Pods Resources */,
				3EA6D7EF417205526CC61D1B /* [CP] Embed Pods Frameworks */,
			);
			buildRules = (
			);
			dependencies = (
			);
			name = RouteTracker;
			productName = RouteTracker;
			productReference = 1B0BA3B527383B98005033C8 /* RouteTracker.app */;
			productType = "com.apple.product-type.application";
		};
/* End PBXNativeTarget section */

/* Begin PBXProject section */
		1B0BA3AD27383B98005033C8 /* Project object */ = {
			isa = PBXProject;
			attributes = {
				LastSwiftUpdateCheck = 1240;
				LastUpgradeCheck = 1240;
				TargetAttributes = {
					1B0BA3B427383B98005033C8 = {
						CreatedOnToolsVersion = 12.4;
					};
				};
			};
			buildConfigurationList = 1B0BA3B027383B98005033C8 /* Build configuration list for PBXProject "RouteTracker" */;
			compatibilityVersion = "Xcode 9.3";
			developmentRegion = en;
			hasScannedForEncodings = 0;
			knownRegions = (
				en,
				Base,
			);
			mainGroup = 1B0BA3AC27383B98005033C8;
			productRefGroup = 1B0BA3B627383B98005033C8 /* Products */;
			projectDirPath = "";
			projectRoot = "";
			targets = (
				1B0BA3B427383B98005033C8 /* RouteTracker */,
			);
		};
/* End PBXProject section */

/* Begin PBXResourcesBuildPhase section */
		1B0BA3B327383B98005033C8 /* Resources */ = {
			isa = PBXResourcesBuildPhase;
			buildActionMask = 2147483647;
			files = (
				1B47BFDA273F907200BD543A /* LoginViewController.xib in Resources */,
				1B0BA3C527383B9A005033C8 /* LaunchScreen.storyboard in Resources */,
				1B47BFDD273F955E00BD543A /* Auth.storyboard in Resources */,
				1B0BA3C227383B9A005033C8 /* Assets.xcassets in Resources */,
				1B47BFEB273FAF1D00BD543A /* SignUpViewController.xib in Resources */,
				1B47BFFE273FB6B800BD543A /* MainViewController.xib in Resources */,
				1B0BA3C027383B98005033C8 /* Main.storyboard in Resources */,
			);
			runOnlyForDeploymentPostprocessing = 0;
		};
/* End PBXResourcesBuildPhase section */

/* Begin PBXShellScriptBuildPhase section */
		21B9F8994BF24E4E715FB1F7 /* [CP] Copy Pods Resources */ = {
			isa = PBXShellScriptBuildPhase;
			buildActionMask = 2147483647;
			files = (
			);
			inputFileListPaths = (
				"${PODS_ROOT}/Target Support Files/Pods-RouteTracker/Pods-RouteTracker-resources-${CONFIGURATION}-input-files.xcfilelist",
			);
			name = "[CP] Copy Pods Resources";
			outputFileListPaths = (
				"${PODS_ROOT}/Target Support Files/Pods-RouteTracker/Pods-RouteTracker-resources-${CONFIGURATION}-output-files.xcfilelist",
			);
			runOnlyForDeploymentPostprocessing = 0;
			shellPath = /bin/sh;
			shellScript = "\"${PODS_ROOT}/Target Support Files/Pods-RouteTracker/Pods-RouteTracker-resources.sh\"\n";
			showEnvVarsInLog = 0;
		};
		3E00C94B5FC628A1D5742839 /* [CP] Check Pods Manifest.lock */ = {
			isa = PBXShellScriptBuildPhase;
			buildActionMask = 2147483647;
			files = (
			);
			inputFileListPaths = (
			);
			inputPaths = (
				"${PODS_PODFILE_DIR_PATH}/Podfile.lock",
				"${PODS_ROOT}/Manifest.lock",
			);
			name = "[CP] Check Pods Manifest.lock";
			outputFileListPaths = (
			);
			outputPaths = (
				"$(DERIVED_FILE_DIR)/Pods-RouteTracker-checkManifestLockResult.txt",
			);
			runOnlyForDeploymentPostprocessing = 0;
			shellPath = /bin/sh;
			shellScript = "diff \"${PODS_PODFILE_DIR_PATH}/Podfile.lock\" \"${PODS_ROOT}/Manifest.lock\" > /dev/null\nif [ $? != 0 ] ; then\n    # print error to STDERR\n    echo \"error: The sandbox is not in sync with the Podfile.lock. Run 'pod install' or update your CocoaPods installation.\" >&2\n    exit 1\nfi\n# This output is used by Xcode 'outputs' to avoid re-running this script phase.\necho \"SUCCESS\" > \"${SCRIPT_OUTPUT_FILE_0}\"\n";
			showEnvVarsInLog = 0;
		};
		3EA6D7EF417205526CC61D1B /* [CP] Embed Pods Frameworks */ = {
			isa = PBXShellScriptBuildPhase;
			buildActionMask = 2147483647;
			files = (
			);
			inputFileListPaths = (
				"${PODS_ROOT}/Target Support Files/Pods-RouteTracker/Pods-RouteTracker-frameworks-${CONFIGURATION}-input-files.xcfilelist",
			);
			name = "[CP] Embed Pods Frameworks";
			outputFileListPaths = (
				"${PODS_ROOT}/Target Support Files/Pods-RouteTracker/Pods-RouteTracker-frameworks-${CONFIGURATION}-output-files.xcfilelist",
			);
			runOnlyForDeploymentPostprocessing = 0;
			shellPath = /bin/sh;
			shellScript = "\"${PODS_ROOT}/Target Support Files/Pods-RouteTracker/Pods-RouteTracker-frameworks.sh\"\n";
			showEnvVarsInLog = 0;
		};
/* End PBXShellScriptBuildPhase section */

/* Begin PBXSourcesBuildPhase section */
		1B0BA3B127383B98005033C8 /* Sources */ = {
			isa = PBXSourcesBuildPhase;
			buildActionMask = 2147483647;
			files = (
				1B47BFF6273FB45900BD543A /* UIViewControllel+nib.swift in Sources */,
				1B47BFEA273FAF1D00BD543A /* SignUpViewController.swift in Sources */,
				1B0BA3B927383B98005033C8 /* AppDelegate.swift in Sources */,
				1B0BA3BB27383B98005033C8 /* SceneDelegate.swift in Sources */,
				1B0BA3D1273840DC005033C8 /* MapViewController.swift in Sources */,
				1B47BFD9273F907200BD543A /* LoginViewController.swift in Sources */,
				1B47BFC3273AE98000BD543A /* Point.swift in Sources */,
				1B47BFFD273FB6B800BD543A /* MainViewController.swift in Sources */,
			);
			runOnlyForDeploymentPostprocessing = 0;
		};
/* End PBXSourcesBuildPhase section */

/* Begin PBXVariantGroup section */
		1B0BA3BE27383B98005033C8 /* Main.storyboard */ = {
			isa = PBXVariantGroup;
			children = (
				1B0BA3BF27383B98005033C8 /* Base */,
			);
			name = Main.storyboard;
			sourceTree = "<group>";
		};
		1B0BA3C327383B9A005033C8 /* LaunchScreen.storyboard */ = {
			isa = PBXVariantGroup;
			children = (
				1B0BA3C427383B9A005033C8 /* Base */,
			);
			name = LaunchScreen.storyboard;
			sourceTree = "<group>";
		};
/* End PBXVariantGroup section */

/* Begin XCBuildConfiguration section */
		1B0BA3C727383B9A005033C8 /* Debug */ = {
			isa = XCBuildConfiguration;
			buildSettings = {
				ALWAYS_SEARCH_USER_PATHS = NO;
				CLANG_ANALYZER_NONNULL = YES;
				CLANG_ANALYZER_NUMBER_OBJECT_CONVERSION = YES_AGGRESSIVE;
				CLANG_CXX_LANGUAGE_STANDARD = "gnu++14";
				CLANG_CXX_LIBRARY = "libc++";
				CLANG_ENABLE_MODULES = YES;
				CLANG_ENABLE_OBJC_ARC = YES;
				CLANG_ENABLE_OBJC_WEAK = YES;
				CLANG_WARN_BLOCK_CAPTURE_AUTORELEASING = YES;
				CLANG_WARN_BOOL_CONVERSION = YES;
				CLANG_WARN_COMMA = YES;
				CLANG_WARN_CONSTANT_CONVERSION = YES;
				CLANG_WARN_DEPRECATED_OBJC_IMPLEMENTATIONS = YES;
				CLANG_WARN_DIRECT_OBJC_ISA_USAGE = YES_ERROR;
				CLANG_WARN_DOCUMENTATION_COMMENTS = YES;
				CLANG_WARN_EMPTY_BODY = YES;
				CLANG_WARN_ENUM_CONVERSION = YES;
				CLANG_WARN_INFINITE_RECURSION = YES;
				CLANG_WARN_INT_CONVERSION = YES;
				CLANG_WARN_NON_LITERAL_NULL_CONVERSION = YES;
				CLANG_WARN_OBJC_IMPLICIT_RETAIN_SELF = YES;
				CLANG_WARN_OBJC_LITERAL_CONVERSION = YES;
				CLANG_WARN_OBJC_ROOT_CLASS = YES_ERROR;
				CLANG_WARN_QUOTED_INCLUDE_IN_FRAMEWORK_HEADER = YES;
				CLANG_WARN_RANGE_LOOP_ANALYSIS = YES;
				CLANG_WARN_STRICT_PROTOTYPES = YES;
				CLANG_WARN_SUSPICIOUS_MOVE = YES;
				CLANG_WARN_UNGUARDED_AVAILABILITY = YES_AGGRESSIVE;
				CLANG_WARN_UNREACHABLE_CODE = YES;
				CLANG_WARN__DUPLICATE_METHOD_MATCH = YES;
				COPY_PHASE_STRIP = NO;
				DEBUG_INFORMATION_FORMAT = dwarf;
				ENABLE_STRICT_OBJC_MSGSEND = YES;
				ENABLE_TESTABILITY = YES;
				GCC_C_LANGUAGE_STANDARD = gnu11;
				GCC_DYNAMIC_NO_PIC = NO;
				GCC_NO_COMMON_BLOCKS = YES;
				GCC_OPTIMIZATION_LEVEL = 0;
				GCC_PREPROCESSOR_DEFINITIONS = (
					"DEBUG=1",
					"$(inherited)",
				);
				GCC_WARN_64_TO_32_BIT_CONVERSION = YES;
				GCC_WARN_ABOUT_RETURN_TYPE = YES_ERROR;
				GCC_WARN_UNDECLARED_SELECTOR = YES;
				GCC_WARN_UNINITIALIZED_AUTOS = YES_AGGRESSIVE;
				GCC_WARN_UNUSED_FUNCTION = YES;
				GCC_WARN_UNUSED_VARIABLE = YES;
				IPHONEOS_DEPLOYMENT_TARGET = 14.4;
				MTL_ENABLE_DEBUG_INFO = INCLUDE_SOURCE;
				MTL_FAST_MATH = YES;
				ONLY_ACTIVE_ARCH = YES;
				SDKROOT = iphoneos;
				SWIFT_ACTIVE_COMPILATION_CONDITIONS = DEBUG;
				SWIFT_OPTIMIZATION_LEVEL = "-Onone";
			};
			name = Debug;
		};
		1B0BA3C827383B9A005033C8 /* Release */ = {
			isa = XCBuildConfiguration;
			buildSettings = {
				ALWAYS_SEARCH_USER_PATHS = NO;
				CLANG_ANALYZER_NONNULL = YES;
				CLANG_ANALYZER_NUMBER_OBJECT_CONVERSION = YES_AGGRESSIVE;
				CLANG_CXX_LANGUAGE_STANDARD = "gnu++14";
				CLANG_CXX_LIBRARY = "libc++";
				CLANG_ENABLE_MODULES = YES;
				CLANG_ENABLE_OBJC_ARC = YES;
				CLANG_ENABLE_OBJC_WEAK = YES;
				CLANG_WARN_BLOCK_CAPTURE_AUTORELEASING = YES;
				CLANG_WARN_BOOL_CONVERSION = YES;
				CLANG_WARN_COMMA = YES;
				CLANG_WARN_CONSTANT_CONVERSION = YES;
				CLANG_WARN_DEPRECATED_OBJC_IMPLEMENTATIONS = YES;
				CLANG_WARN_DIRECT_OBJC_ISA_USAGE = YES_ERROR;
				CLANG_WARN_DOCUMENTATION_COMMENTS = YES;
				CLANG_WARN_EMPTY_BODY = YES;
				CLANG_WARN_ENUM_CONVERSION = YES;
				CLANG_WARN_INFINITE_RECURSION = YES;
				CLANG_WARN_INT_CONVERSION = YES;
				CLANG_WARN_NON_LITERAL_NULL_CONVERSION = YES;
				CLANG_WARN_OBJC_IMPLICIT_RETAIN_SELF = YES;
				CLANG_WARN_OBJC_LITERAL_CONVERSION = YES;
				CLANG_WARN_OBJC_ROOT_CLASS = YES_ERROR;
				CLANG_WARN_QUOTED_INCLUDE_IN_FRAMEWORK_HEADER = YES;
				CLANG_WARN_RANGE_LOOP_ANALYSIS = YES;
				CLANG_WARN_STRICT_PROTOTYPES = YES;
				CLANG_WARN_SUSPICIOUS_MOVE = YES;
				CLANG_WARN_UNGUARDED_AVAILABILITY = YES_AGGRESSIVE;
				CLANG_WARN_UNREACHABLE_CODE = YES;
				CLANG_WARN__DUPLICATE_METHOD_MATCH = YES;
				COPY_PHASE_STRIP = NO;
				DEBUG_INFORMATION_FORMAT = "dwarf-with-dsym";
				ENABLE_NS_ASSERTIONS = NO;
				ENABLE_STRICT_OBJC_MSGSEND = YES;
				GCC_C_LANGUAGE_STANDARD = gnu11;
				GCC_NO_COMMON_BLOCKS = YES;
				GCC_WARN_64_TO_32_BIT_CONVERSION = YES;
				GCC_WARN_ABOUT_RETURN_TYPE = YES_ERROR;
				GCC_WARN_UNDECLARED_SELECTOR = YES;
				GCC_WARN_UNINITIALIZED_AUTOS = YES_AGGRESSIVE;
				GCC_WARN_UNUSED_FUNCTION = YES;
				GCC_WARN_UNUSED_VARIABLE = YES;
				IPHONEOS_DEPLOYMENT_TARGET = 14.4;
				MTL_ENABLE_DEBUG_INFO = NO;
				MTL_FAST_MATH = YES;
				SDKROOT = iphoneos;
				SWIFT_COMPILATION_MODE = wholemodule;
				SWIFT_OPTIMIZATION_LEVEL = "-O";
				VALIDATE_PRODUCT = YES;
			};
			name = Release;
		};
		1B0BA3CA27383B9A005033C8 /* Debug */ = {
			isa = XCBuildConfiguration;
			baseConfigurationReference = EB1803AB0093DF014F0747B4 /* Pods-RouteTracker.debug.xcconfig */;
			buildSettings = {
				ASSETCATALOG_COMPILER_APPICON_NAME = AppIcon;
				ASSETCATALOG_COMPILER_GLOBAL_ACCENT_COLOR_NAME = AccentColor;
				CODE_SIGN_STYLE = Automatic;
				DEVELOPMENT_TEAM = DQ48S8SUS4;
				INFOPLIST_FILE = RouteTracker/Info.plist;
				LD_RUNPATH_SEARCH_PATHS = (
					"$(inherited)",
					"@executable_path/Frameworks",
				);
				PRODUCT_BUNDLE_IDENTIFIER = ru.50.FominAlexander.RouteTracker;
				PRODUCT_NAME = "$(TARGET_NAME)";
				SWIFT_VERSION = 5.0;
				TARGETED_DEVICE_FAMILY = 1;
			};
			name = Debug;
		};
		1B0BA3CB27383B9A005033C8 /* Release */ = {
			isa = XCBuildConfiguration;
			baseConfigurationReference = 90D75DEE66C599C8E454F9CA /* Pods-RouteTracker.release.xcconfig */;
			buildSettings = {
				ASSETCATALOG_COMPILER_APPICON_NAME = AppIcon;
				ASSETCATALOG_COMPILER_GLOBAL_ACCENT_COLOR_NAME = AccentColor;
				CODE_SIGN_STYLE = Automatic;
				DEVELOPMENT_TEAM = DQ48S8SUS4;
				INFOPLIST_FILE = RouteTracker/Info.plist;
				LD_RUNPATH_SEARCH_PATHS = (
					"$(inherited)",
					"@executable_path/Frameworks",
				);
				PRODUCT_BUNDLE_IDENTIFIER = ru.50.FominAlexander.RouteTracker;
				PRODUCT_NAME = "$(TARGET_NAME)";
				SWIFT_VERSION = 5.0;
				TARGETED_DEVICE_FAMILY = 1;
			};
			name = Release;
		};
/* End XCBuildConfiguration section */

/* Begin XCConfigurationList section */
		1B0BA3B027383B98005033C8 /* Build configuration list for PBXProject "RouteTracker" */ = {
			isa = XCConfigurationList;
			buildConfigurations = (
				1B0BA3C727383B9A005033C8 /* Debug */,
				1B0BA3C827383B9A005033C8 /* Release */,
			);
			defaultConfigurationIsVisible = 0;
			defaultConfigurationName = Release;
		};
		1B0BA3C927383B9A005033C8 /* Build configuration list for PBXNativeTarget "RouteTracker" */ = {
			isa = XCConfigurationList;
			buildConfigurations = (
				1B0BA3CA27383B9A005033C8 /* Debug */,
				1B0BA3CB27383B9A005033C8 /* Release */,
			);
			defaultConfigurationIsVisible = 0;
			defaultConfigurationName = Release;
		};
/* End XCConfigurationList section */
	};
	rootObject = 1B0BA3AD27383B98005033C8 /* Project object */;
}
